// !$*UTF8*$!
{
	archiveVersion = 1;
	classes = {
	};
	objectVersion = 46;
	objects = {

/* Begin PBXBuildFile section */
		5A8FD0D21D0016D60055E3EB /* main.m in Sources */ = {isa = PBXBuildFile; fileRef = 5A8FD0D11D0016D60055E3EB /* main.m */; };
		5A8FD0DB1D0016D60055E3EB /* Main.storyboard in Resources */ = {isa = PBXBuildFile; fileRef = 5A8FD0D91D0016D60055E3EB /* Main.storyboard */; };
		5A8FD0DD1D0016D60055E3EB /* Assets.xcassets in Resources */ = {isa = PBXBuildFile; fileRef = 5A8FD0DC1D0016D60055E3EB /* Assets.xcassets */; };
		5A8FD0E01D0016D60055E3EB /* LaunchScreen.storyboard in Resources */ = {isa = PBXBuildFile; fileRef = 5A8FD0DE1D0016D60055E3EB /* LaunchScreen.storyboard */; };
		5A8FD0EB1D0016D60055E3EB /* ClearCacheDemoTests.m in Sources */ = {isa = PBXBuildFile; fileRef = 5A8FD0EA1D0016D60055E3EB /* ClearCacheDemoTests.m */; };
		5A8FD0F61D0016D60055E3EB /* ClearCacheDemoUITests.m in Sources */ = {isa = PBXBuildFile; fileRef = 5A8FD0F51D0016D60055E3EB /* ClearCacheDemoUITests.m */; };
		5A8FD1081D0016F20055E3EB /* AppDelegate.m in Sources */ = {isa = PBXBuildFile; fileRef = 5A8FD1051D0016F20055E3EB /* AppDelegate.m */; };
		5A8FD1091D0016F20055E3EB /* ViewController.m in Sources */ = {isa = PBXBuildFile; fileRef = 5A8FD1071D0016F20055E3EB /* ViewController.m */; };
		5A8FD10D1D0017080055E3EB /* ClearCacheTool.m in Sources */ = {isa = PBXBuildFile; fileRef = 5A8FD10C1D0017080055E3EB /* ClearCacheTool.m */; };
/* End PBXBuildFile section */

/* Begin PBXContainerItemProxy section */
		5A8FD0E71D0016D60055E3EB /* PBXContainerItemProxy */ = {
			isa = PBXContainerItemProxy;
			containerPortal = 5A8FD0C51D0016D60055E3EB /* Project object */;
			proxyType = 1;
			remoteGlobalIDString = 5A8FD0CC1D0016D60055E3EB;
			remoteInfo = ClearCacheDemo;
		};
		5A8FD0F21D0016D60055E3EB /* PBXContainerItemProxy */ = {
			isa = PBXContainerItemProxy;
			containerPortal = 5A8FD0C51D0016D60055E3EB /* Project object */;
			proxyType = 1;
			remoteGlobalIDString = 5A8FD0CC1D0016D60055E3EB;
			remoteInfo = ClearCacheDemo;
		};
/* End PBXContainerItemProxy section */

/* Begin PBXFileReference section */
		5A8FD0CD1D0016D60055E3EB /* ClearCacheDemo.app */ = {isa = PBXFileReference; explicitFileType = wrapper.application; includeInIndex = 0; path = ClearCacheDemo.app; sourceTree = BUILT_PRODUCTS_DIR; };
		5A8FD0D11D0016D60055E3EB /* main.m */ = {isa = PBXFileReference; lastKnownFileType = sourcecode.c.objc; path = main.m; sourceTree = "<group>"; };
		5A8FD0DA1D0016D60055E3EB /* Base */ = {isa = PBXFileReference; lastKnownFileType = file.storyboard; name = Base; path = Base.lproj/Main.storyboard; sourceTree = "<group>"; };
		5A8FD0DC1D0016D60055E3EB /* Assets.xcassets */ = {isa = PBXFileReference; lastKnownFileType = folder.assetcatalog; path = Assets.xcassets; sourceTree = "<group>"; };
		5A8FD0DF1D0016D60055E3EB /* Base */ = {isa = PBXFileReference; lastKnownFileType = file.storyboard; name = Base; path = Base.lproj/LaunchScreen.storyboard; sourceTree = "<group>"; };
		5A8FD0E11D0016D60055E3EB /* Info.plist */ = {isa = PBXFileReference; lastKnownFileType = text.plist.xml; path = Info.plist; sourceTree = "<group>"; };
		5A8FD0E61D0016D60055E3EB /* ClearCacheDemoTests.xctest */ = {isa = PBXFileReference; explicitFileType = wrapper.cfbundle; includeInIndex = 0; path = ClearCacheDemoTests.xctest; sourceTree = BUILT_PRODUCTS_DIR; };
		5A8FD0EA1D0016D60055E3EB /* ClearCacheDemoTests.m */ = {isa = PBXFileReference; lastKnownFileType = sourcecode.c.objc; path = ClearCacheDemoTests.m; sourceTree = "<group>"; };
		5A8FD0EC1D0016D60055E3EB /* Info.plist */ = {isa = PBXFileReference; lastKnownFileType = text.plist.xml; path = Info.plist; sourceTree = "<group>"; };
		5A8FD0F11D0016D60055E3EB /* ClearCacheDemoUITests.xctest */ = {isa = PBXFileReference; explicitFileType = wrapper.cfbundle; includeInIndex = 0; path = ClearCacheDemoUITests.xctest; sourceTree = BUILT_PRODUCTS_DIR; };
		5A8FD0F51D0016D60055E3EB /* ClearCacheDemoUITests.m */ = {isa = PBXFileReference; lastKnownFileType = sourcecode.c.objc; path = ClearCacheDemoUITests.m; sourceTree = "<group>"; };
		5A8FD0F71D0016D60055E3EB /* Info.plist */ = {isa = PBXFileReference; lastKnownFileType = text.plist.xml; path = Info.plist; sourceTree = "<group>"; };
		5A8FD1041D0016F20055E3EB /* AppDelegate.h */ = {isa = PBXFileReference; fileEncoding = 4; lastKnownFileType = sourcecode.c.h; path = AppDelegate.h; sourceTree = "<group>"; };
		5A8FD1051D0016F20055E3EB /* AppDelegate.m */ = {isa = PBXFileReference; fileEncoding = 4; lastKnownFileType = sourcecode.c.objc; path = AppDelegate.m; sourceTree = "<group>"; };
		5A8FD1061D0016F20055E3EB /* ViewController.h */ = {isa = PBXFileReference; fileEncoding = 4; lastKnownFileType = sourcecode.c.h; path = ViewController.h; sourceTree = "<group>"; };
		5A8FD1071D0016F20055E3EB /* ViewController.m */ = {isa = PBXFileReference; fileEncoding = 4; lastKnownFileType = sourcecode.c.objc; path = ViewController.m; sourceTree = "<group>"; };
		5A8FD10B1D0017080055E3EB /* ClearCacheTool.h */ = {isa = PBXFileReference; fileEncoding = 4; lastKnownFileType = sourcecode.c.h; path = ClearCacheTool.h; sourceTree = "<group>"; };
		5A8FD10C1D0017080055E3EB /* ClearCacheTool.m */ = {isa = PBXFileReference; fileEncoding = 4; lastKnownFileType = sourcecode.c.objc; path = ClearCacheTool.m; sourceTree = "<group>"; };
/* End PBXFileReference section */

/* Begin PBXFrameworksBuildPhase section */
		5A8FD0CA1D0016D60055E3EB /* Frameworks */ = {
			isa = PBXFrameworksBuildPhase;
			buildActionMask = 2147483647;
			files = (
			);
			runOnlyForDeploymentPostprocessing = 0;
		};
		5A8FD0E31D0016D60055E3EB /* Frameworks */ = {
			isa = PBXFrameworksBuildPhase;
			buildActionMask = 2147483647;
			files = (
			);
			runOnlyForDeploymentPostprocessing = 0;
		};
		5A8FD0EE1D0016D60055E3EB /* Frameworks */ = {
			isa = PBXFrameworksBuildPhase;
			buildActionMask = 2147483647;
			files = (
			);
			runOnlyForDeploymentPostprocessing = 0;
		};
/* End PBXFrameworksBuildPhase section */

/* Begin PBXGroup section */
		5A8FD0C41D0016D60055E3EB = {
			isa = PBXGroup;
			children = (
				5A8FD0CF1D0016D60055E3EB /* ClearCacheDemo */,
				5A8FD0E91D0016D60055E3EB /* ClearCacheDemoTests */,
				5A8FD0F41D0016D60055E3EB /* ClearCacheDemoUITests */,
				5A8FD0CE1D0016D60055E3EB /* Products */,
			);
			sourceTree = "<group>";
		};
		5A8FD0CE1D0016D60055E3EB /* Products */ = {
			isa = PBXGroup;
			children = (
				5A8FD0CD1D0016D60055E3EB /* ClearCacheDemo.app */,
				5A8FD0E61D0016D60055E3EB /* ClearCacheDemoTests.xctest */,
				5A8FD0F11D0016D60055E3EB /* ClearCacheDemoUITests.xctest */,
			);
			name = Products;
			sourceTree = "<group>";
		};
		5A8FD0CF1D0016D60055E3EB /* ClearCacheDemo */ = {
			isa = PBXGroup;
			children = (
				5A8FD10A1D0017080055E3EB /* ClearCache */,
				5A8FD1031D0016F20055E3EB /* classes */,
				5A8FD0D91D0016D60055E3EB /* Main.storyboard */,
				5A8FD0DC1D0016D60055E3EB /* Assets.xcassets */,
				5A8FD0DE1D0016D60055E3EB /* LaunchScreen.storyboard */,
				5A8FD0E11D0016D60055E3EB /* Info.plist */,
				5A8FD0D01D0016D60055E3EB /* Supporting Files */,
			);
			path = ClearCacheDemo;
			sourceTree = "<group>";
		};
		5A8FD0D01D0016D60055E3EB /* Supporting Files */ = {
			isa = PBXGroup;
			children = (
				5A8FD0D11D0016D60055E3EB /* main.m */,
			);
			name = "Supporting Files";
			sourceTree = "<group>";
		};
		5A8FD0E91D0016D60055E3EB /* ClearCacheDemoTests */ = {
			isa = PBXGroup;
			children = (
				5A8FD0EA1D0016D60055E3EB /* ClearCacheDemoTests.m */,
				5A8FD0EC1D0016D60055E3EB /* Info.plist */,
			);
			path = ClearCacheDemoTests;
			sourceTree = "<group>";
		};
		5A8FD0F41D0016D60055E3EB /* ClearCacheDemoUITests */ = {
			isa = PBXGroup;
			children = (
				5A8FD0F51D0016D60055E3EB /* ClearCacheDemoUITests.m */,
				5A8FD0F71D0016D60055E3EB /* Info.plist */,
			);
			path = ClearCacheDemoUITests;
			sourceTree = "<group>";
		};
		5A8FD1031D0016F20055E3EB /* classes */ = {
			isa = PBXGroup;
			children = (
				5A8FD1041D0016F20055E3EB /* AppDelegate.h */,
				5A8FD1051D0016F20055E3EB /* AppDelegate.m */,
				5A8FD1061D0016F20055E3EB /* ViewController.h */,
				5A8FD1071D0016F20055E3EB /* ViewController.m */,
			);
			path = classes;
			sourceTree = "<group>";
		};
		5A8FD10A1D0017080055E3EB /* ClearCache */ = {
			isa = PBXGroup;
			children = (
				5A8FD10B1D0017080055E3EB /* ClearCacheTool.h */,
				5A8FD10C1D0017080055E3EB /* ClearCacheTool.m */,
			);
			path = ClearCache;
			sourceTree = "<group>";
		};
/* End PBXGroup section */

/* Begin PBXNativeTarget section */
		5A8FD0CC1D0016D60055E3EB /* ClearCacheDemo */ = {
			isa = PBXNativeTarget;
			buildConfigurationList = 5A8FD0FA1D0016D60055E3EB /* Build configuration list for PBXNativeTarget "ClearCacheDemo" */;
			buildPhases = (
				5A8FD0C91D0016D60055E3EB /* Sources */,
				5A8FD0CA1D0016D60055E3EB /* Frameworks */,
				5A8FD0CB1D0016D60055E3EB /* Resources */,
			);
			buildRules = (
			);
			dependencies = (
			);
			name = ClearCacheDemo;
			productName = ClearCacheDemo;
			productReference = 5A8FD0CD1D0016D60055E3EB /* ClearCacheDemo.app */;
			productType = "com.apple.product-type.application";
		};
		5A8FD0E51D0016D60055E3EB /* ClearCacheDemoTests */ = {
			isa = PBXNativeTarget;
			buildConfigurationList = 5A8FD0FD1D0016D60055E3EB /* Build configuration list for PBXNativeTarget "ClearCacheDemoTests" */;
			buildPhases = (
				5A8FD0E21D0016D60055E3EB /* Sources */,
				5A8FD0E31D0016D60055E3EB /* Frameworks */,
				5A8FD0E41D0016D60055E3EB /* Resources */,
			);
			buildRules = (
			);
			dependencies = (
				5A8FD0E81D0016D60055E3EB /* PBXTargetDependency */,
			);
			name = ClearCacheDemoTests;
			productName = ClearCacheDemoTests;
			productReference = 5A8FD0E61D0016D60055E3EB /* ClearCacheDemoTests.xctest */;
			productType = "com.apple.product-type.bundle.unit-test";
		};
		5A8FD0F01D0016D60055E3EB /* ClearCacheDemoUITests */ = {
			isa = PBXNativeTarget;
			buildConfigurationList = 5A8FD1001D0016D60055E3EB /* Build configuration list for PBXNativeTarget "ClearCacheDemoUITests" */;
			buildPhases = (
				5A8FD0ED1D0016D60055E3EB /* Sources */,
				5A8FD0EE1D0016D60055E3EB /* Frameworks */,
				5A8FD0EF1D0016D60055E3EB /* Resources */,
			);
			buildRules = (
			);
			dependencies = (
				5A8FD0F31D0016D60055E3EB /* PBXTargetDependency */,
			);
			name = ClearCacheDemoUITests;
			productName = ClearCacheDemoUITests;
			productReference = 5A8FD0F11D0016D60055E3EB /* ClearCacheDemoUITests.xctest */;
			productType = "com.apple.product-type.bundle.ui-testing";
		};
/* End PBXNativeTarget section */

/* Begin PBXProject section */
		5A8FD0C51D0016D60055E3EB /* Project object */ = {
			isa = PBXProject;
			attributes = {
				LastUpgradeCheck = 0730;
				ORGANIZATIONNAME = Li_Cheng;
				TargetAttributes = {
					5A8FD0CC1D0016D60055E3EB = {
						CreatedOnToolsVersion = 7.3.1;
					};
					5A8FD0E51D0016D60055E3EB = {
						CreatedOnToolsVersion = 7.3.1;
						TestTargetID = 5A8FD0CC1D0016D60055E3EB;
					};
					5A8FD0F01D0016D60055E3EB = {
						CreatedOnToolsVersion = 7.3.1;
						TestTargetID = 5A8FD0CC1D0016D60055E3EB;
					};
				};
			};
			buildConfigurationList = 5A8FD0C81D0016D60055E3EB /* Build configuration list for PBXProject "ClearCacheDemo" */;
			compatibilityVersion = "Xcode 3.2";
			developmentRegion = English;
			hasScannedForEncodings = 0;
			knownRegions = (
				en,
				Base,
			);
			mainGroup = 5A8FD0C41D0016D60055E3EB;
			productRefGroup = 5A8FD0CE1D0016D60055E3EB /* Products */;
			projectDirPath = "";
			projectRoot = "";
			targets = (
				5A8FD0CC1D0016D60055E3EB /* ClearCacheDemo */,
				5A8FD0E51D0016D60055E3EB /* ClearCacheDemoTests */,
				5A8FD0F01D0016D60055E3EB /* ClearCacheDemoUITests */,
			);
		};
/* End PBXProject section */

/* Begin PBXResourcesBuildPhase section */
		5A8FD0CB1D0016D60055E3EB /* Resources */ = {
			isa = PBXResourcesBuildPhase;
			buildActionMask = 2147483647;
			files = (
				5A8FD0E01D0016D60055E3EB /* LaunchScreen.storyboard in Resources */,
				5A8FD0DD1D0016D60055E3EB /* Assets.xcassets in Resources */,
				5A8FD0DB1D0016D60055E3EB /* Main.storyboard in Resources */,
			);
			runOnlyForDeploymentPostprocessing = 0;
		};
		5A8FD0E41D0016D60055E3EB /* Resources */ = {
			isa = PBXResourcesBuildPhase;
			buildActionMask = 2147483647;
			files = (
			);
			runOnlyForDeploymentPostprocessing = 0;
		};
		5A8FD0EF1D0016D60055E3EB /* Resources */ = {
			isa = PBXResourcesBuildPhase;
			buildActionMask = 2147483647;
			files = (
			);
			runOnlyForDeploymentPostprocessing = 0;
		};
/* End PBXResourcesBuildPhase section */

/* Begin PBXSourcesBuildPhase section */
		5A8FD0C91D0016D60055E3EB /* Sources */ = {
			isa = PBXSourcesBuildPhase;
			buildActionMask = 2147483647;
			files = (
				5A8FD10D1D0017080055E3EB /* ClearCacheTool.m in Sources */,
				5A8FD1081D0016F20055E3EB /* AppDelegate.m in Sources */,
				5A8FD0D21D0016D60055E3EB /* main.m in Sources */,
				5A8FD1091D0016F20055E3EB /* ViewController.m in Sources */,
			);
			runOnlyForDeploymentPostprocessing = 0;
		};
		5A8FD0E21D0016D60055E3EB /* Sources */ = {
			isa = PBXSourcesBuildPhase;
			buildActionMask = 2147483647;
			files = (
				5A8FD0EB1D0016D60055E3EB /* ClearCacheDemoTests.m in Sources */,
			);
			runOnlyForDeploymentPostprocessing = 0;
		};
		5A8FD0ED1D0016D60055E3EB /* Sources */ = {
			isa = PBXSourcesBuildPhase;
			buildActionMask = 2147483647;
			files = (
				5A8FD0F61D0016D60055E3EB /* ClearCacheDemoUITests.m in Sources */,
			);
			runOnlyForDeploymentPostprocessing = 0;
		};
/* End PBXSourcesBuildPhase section */

/* Begin PBXTargetDependency section */
		5A8FD0E81D0016D60055E3EB /* PBXTargetDependency */ = {
			isa = PBXTargetDependency;
			target = 5A8FD0CC1D0016D60055E3EB /* ClearCacheDemo */;
			targetProxy = 5A8FD0E71D0016D60055E3EB /* PBXContainerItemProxy */;
		};
		5A8FD0F31D0016D60055E3EB /* PBXTargetDependency */ = {
			isa = PBXTargetDependency;
			target = 5A8FD0CC1D0016D60055E3EB /* ClearCacheDemo */;
			targetProxy = 5A8FD0F21D0016D60055E3EB /* PBXContainerItemProxy */;
		};
/* End PBXTargetDependency section */

/* Begin PBXVariantGroup section */
		5A8FD0D91D0016D60055E3EB /* Main.storyboard */ = {
			isa = PBXVariantGroup;
			children = (
				5A8FD0DA1D0016D60055E3EB /* Base */,
			);
			name = Main.storyboard;
			sourceTree = "<group>";
		};
		5A8FD0DE1D0016D60055E3EB /* LaunchScreen.storyboard */ = {
			isa = PBXVariantGroup;
			children = (
				5A8FD0DF1D0016D60055E3EB /* Base */,
			);
			name = LaunchScreen.storyboard;
			sourceTree = "<group>";
		};
/* End PBXVariantGroup section */

/* Begin XCBuildConfiguration section */
		5A8FD0F81D0016D60055E3EB /* Debug */ = {
			isa = XCBuildConfiguration;
			buildSettings = {
				ALWAYS_SEARCH_USER_PATHS = NO;
				CLANG_ANALYZER_NONNULL = YES;
				CLANG_CXX_LANGUAGE_STANDARD = "gnu++0x";
				CLANG_CXX_LIBRARY = "libc++";
				CLANG_ENABLE_MODULES = YES;
				CLANG_ENABLE_OBJC_ARC = YES;
				CLANG_WARN_BOOL_CONVERSION = YES;
				CLANG_WARN_CONSTANT_CONVERSION = YES;
				CLANG_WARN_DIRECT_OBJC_ISA_USAGE = YES_ERROR;
				CLANG_WARN_EMPTY_BODY = YES;
				CLANG_WARN_ENUM_CONVERSION = YES;
				CLANG_WARN_INT_CONVERSION = YES;
				CLANG_WARN_OBJC_ROOT_CLASS = YES_ERROR;
				CLANG_WARN_UNREACHABLE_CODE = YES;
				CLANG_WARN__DUPLICATE_METHOD_MATCH = YES;
				"CODE_SIGN_IDENTITY[sdk=iphoneos*]" = "iPhone Developer";
				COPY_PHASE_STRIP = NO;
				DEBUG_INFORMATION_FORMAT = dwarf;
				ENABLE_STRICT_OBJC_MSGSEND = YES;
				ENABLE_TESTABILITY = YES;
				GCC_C_LANGUAGE_STANDARD = gnu99;
				GCC_DYNAMIC_NO_PIC = NO;
				GCC_NO_COMMON_BLOCKS = YES;
				GCC_OPTIMIZATION_LEVEL = 0;
				GCC_PREPROCESSOR_DEFINITIONS = (
					"DEBUG=1",
					"$(inherited)",
				);
				GCC_WARN_64_TO_32_BIT_CONVERSION = YES;
				GCC_WARN_ABOUT_RETURN_TYPE = YES_ERROR;
				GCC_WARN_UNDECLARED_SELECTOR = YES;
				GCC_WARN_UNINITIALIZED_AUTOS = YES_AGGRESSIVE;
				GCC_WARN_UNUSED_FUNCTION = YES;
				GCC_WARN_UNUSED_VARIABLE = YES;
				IPHONEOS_DEPLOYMENT_TARGET = 9.3;
				MTL_ENABLE_DEBUG_INFO = YES;
				ONLY_ACTIVE_ARCH = YES;
				SDKROOT = iphoneos;
			};
			name = Debug;
		};
		5A8FD0F91D0016D60055E3EB /* Release */ = {
			isa = XCBuildConfiguration;
			buildSettings = {
				ALWAYS_SEARCH_USER_PATHS = NO;
				CLANG_ANALYZER_NONNULL = YES;
				CLANG_CXX_LANGUAGE_STANDARD = "gnu++0x";
				CLANG_CXX_LIBRARY = "libc++";
				CLANG_ENABLE_MODULES = YES;
				CLANG_ENABLE_OBJC_ARC = YES;
				CLANG_WARN_BOOL_CONVERSION = YES;
				CLANG_WARN_CONSTANT_CONVERSION = YES;
				CLANG_WARN_DIRECT_OBJC_ISA_USAGE = YES_ERROR;
				CLANG_WARN_EMPTY_BODY = YES;
				CLANG_WARN_ENUM_CONVERSION = YES;
				CLANG_WARN_INT_CONVERSION = YES;
				CLANG_WARN_OBJC_ROOT_CLASS = YES_ERROR;
				CLANG_WARN_UNREACHABLE_CODE = YES;
				CLANG_WARN__DUPLICATE_METHOD_MATCH = YES;
				"CODE_SIGN_IDENTITY[sdk=iphoneos*]" = "iPhone Developer";
				COPY_PHASE_STRIP = NO;
				DEBUG_INFORMATION_FORMAT = "dwarf-with-dsym";
				ENABLE_NS_ASSERTIONS = NO;
				ENABLE_STRICT_OBJC_MSGSEND = YES;
				GCC_C_LANGUAGE_STANDARD = gnu99;
				GCC_NO_COMMON_BLOCKS = YES;
				GCC_WARN_64_TO_32_BIT_CONVERSION = YES;
				GCC_WARN_ABOUT_RETURN_TYPE = YES_ERROR;
				GCC_WARN_UNDECLARED_SELECTOR = YES;
				GCC_WARN_UNINITIALIZED_AUTOS = YES_AGGRESSIVE;
				GCC_WARN_UNUSED_FUNCTION = YES;
				GCC_WARN_UNUSED_VARIABLE = YES;
				IPHONEOS_DEPLOYMENT_TARGET = 9.3;
				MTL_ENABLE_DEBUG_INFO = NO;
				SDKROOT = iphoneos;
				VALIDATE_PRODUCT = YES;
			};
			name = Release;
		};
		5A8FD0FB1D0016D60055E3EB /* Debug */ = {
			isa = XCBuildConfiguration;
			buildSettings = {
				ASSETCATALOG_COMPILER_APPICON_NAME = AppIcon;
				INFOPLIST_FILE = ClearCacheDemo/Info.plist;
				LD_RUNPATH_SEARCH_PATHS = "$(inherited) @executable_path/Frameworks";
				PRODUCT_BUNDLE_IDENTIFIER = "Li-Cheng.ClearCacheDemo";
				PRODUCT_NAME = "$(TARGET_NAME)";
			};
			name = Debug;
		};
		5A8FD0FC1D0016D60055E3EB /* Release */ = {
			isa = XCBuildConfiguration;
			buildSettings = {
				ASSETCATALOG_COMPILER_APPICON_NAME = AppIcon;
				INFOPLIST_FILE = ClearCacheDemo/Info.plist;
				LD_RUNPATH_SEARCH_PATHS = "$(inherited) @executable_path/Frameworks";
				PRODUCT_BUNDLE_IDENTIFIER = "Li-Cheng.ClearCacheDemo";
				PRODUCT_NAME = "$(TARGET_NAME)";
			};
			name = Release;
		};
		5A8FD0FE1D0016D60055E3EB /* Debug */ = {
			isa = XCBuildConfiguration;
			buildSettings = {
				BUNDLE_LOADER = "$(TEST_HOST)";
				INFOPLIST_FILE = ClearCacheDemoTests/Info.plist;
				LD_RUNPATH_SEARCH_PATHS = "$(inherited) @executable_path/Frameworks @loader_path/Frameworks";
				PRODUCT_BUNDLE_IDENTIFIER = "Li-Cheng.ClearCacheDemoTests";
				PRODUCT_NAME = "$(TARGET_NAME)";
				TEST_HOST = "$(BUILT_PRODUCTS_DIR)/ClearCacheDemo.app/ClearCacheDemo";
			};
			name = Debug;
		};
		5A8FD0FF1D0016D60055E3EB /* Release */ = {
			isa = XCBuildConfiguration;
			buildSettings = {
				BUNDLE_LOADER = "$(TEST_HOST)";
				INFOPLIST_FILE = ClearCacheDemoTests/Info.plist;
				LD_RUNPATH_SEARCH_PATHS = "$(inherited) @executable_path/Frameworks @loader_path/Frameworks";
				PRODUCT_BUNDLE_IDENTIFIER = "Li-Cheng.ClearCacheDemoTests";
				PRODUCT_NAME = "$(TARGET_NAME)";
				TEST_HOST = "$(BUILT_PRODUCTS_DIR)/ClearCacheDemo.app/ClearCacheDemo";
			};
			name = Release;
		};
		5A8FD1011D0016D60055E3EB /* Debug */ = {
			isa = XCBuildConfiguration;
			buildSettings = {
				INFOPLIST_FILE = ClearCacheDemoUITests/Info.plist;
				LD_RUNPATH_SEARCH_PATHS = "$(inherited) @executable_path/Frameworks @loader_path/Frameworks";
				PRODUCT_BUNDLE_IDENTIFIER = "Li-Cheng.ClearCacheDemoUITests";
				PRODUCT_NAME = "$(TARGET_NAME)";
				TEST_TARGET_NAME = ClearCacheDemo;
			};
			name = Debug;
		};
		5A8FD1021D0016D60055E3EB /* Release */ = {
			isa = XCBuildConfiguration;
			buildSettings = {
				INFOPLIST_FILE = ClearCacheDemoUITests/Info.plist;
				LD_RUNPATH_SEARCH_PATHS = "$(inherited) @executable_path/Frameworks @loader_path/Frameworks";
				PRODUCT_BUNDLE_IDENTIFIER = "Li-Cheng.ClearCacheDemoUITests";
				PRODUCT_NAME = "$(TARGET_NAME)";
				TEST_TARGET_NAME = ClearCacheDemo;
			};
			name = Release;
		};
/* End XCBuildConfiguration section */

/* Begin XCConfigurationList section */
		5A8FD0C81D0016D60055E3EB /* Build configuration list for PBXProject "ClearCacheDemo" */ = {
			isa = XCConfigurationList;
			buildConfigurations = (
				5A8FD0F81D0016D60055E3EB /* Debug */,
				5A8FD0F91D0016D60055E3EB /* Release */,
			);
			defaultConfigurationIsVisible = 0;
			defaultConfigurationName = Release;
		};
		5A8FD0FA1D0016D60055E3EB /* Build configuration list for PBXNativeTarget "ClearCacheDemo" */ = {
			isa = XCConfigurationList;
			buildConfigurations = (
				5A8FD0FB1D0016D60055E3EB /* Debug */,
				5A8FD0FC1D0016D60055E3EB /* Release */,
			);
			defaultConfigurationIsVisible = 0;
		};
		5A8FD0FD1D0016D60055E3EB /* Build configuration list for PBXNativeTarget "ClearCacheDemoTests" */ = {
			isa = XCConfigurationList;
			buildConfigurations = (
				5A8FD0FE1D0016D60055E3EB /* Debug */,
				5A8FD0FF1D0016D60055E3EB /* Release */,
			);
			defaultConfigurationIsVisible = 0;
		};
		5A8FD1001D0016D60055E3EB /* Build configuration list for PBXNativeTarget "ClearCacheDemoUITests" */ = {
			isa = XCConfigurationList;
			buildConfigurations = (
				5A8FD1011D0016D60055E3EB /* Debug */,
				5A8FD1021D0016D60055E3EB /* Release */,
			);
			defaultConfigurationIsVisible = 0;
		};
/* End XCConfigurationList section */
	};
	rootObject = 5A8FD0C51D0016D60055E3EB /* Project object */;
}
